
Microsoft Visual Studio Solution File, Format Version 11.00
# Visual Studio 2010
Project("{FAE04EC0-301F-11D3-BF4B-00C04F79EFBC}") = "1_3_HelloWorld", "1_3_HelloWorld\1_3_HelloWorld.csproj", "{5E99F4AE-37EB-477F-95D8-40176EC7CDCF}"
EndProject
Project("{FAE04EC0-301F-11D3-BF4B-00C04F79EFBC}") = "1_9_Variables", "1_9_Variables\1_9_Variables.csproj", "{77B7010F-8FD0-4CF8-BA10-DA922CC808C6}"
EndProject
Project("{FAE04EC0-301F-11D3-BF4B-00C04F79EFBC}") = "1_10_InputTextBox", "1_10_InputTextBox\1_10_InputTextBox.csproj", "{FACD544A-E52A-4052-AF83-6CECD87C7035}"
EndProject
Project("{FAE04EC0-301F-11D3-BF4B-00C04F79EFBC}") = "1_11_IfStatement", "1_11_IfStatement\1_11_IfStatement.csproj", "{4C3DA3FD-F2DE-4506-B516-93C8D6E5DE44}"
EndProject
Project("{FAE04EC0-301F-11D3-BF4B-00C04F79EFBC}") = "1_14_ForIterations", "1_14_ForIterations\1_14_ForIterations.csproj", "{CD03F443-E882-447F-9A66-2347F730B071}"
EndProject
Global
	GlobalSection(SolutionConfigurationPlatforms) = preSolution
		Debug|Any CPU = Debug|Any CPU
		Release|Any CPU = Release|Any CPU
	EndGlobalSection
	GlobalSection(ProjectConfigurationPlatforms) = postSolution
		{5E99F4AE-37EB-477F-95D8-40176EC7CDCF}.Debug|Any CPU.ActiveCfg = Debug|Any CPU
		{5E99F4AE-37EB-477F-95D8-40176EC7CDCF}.Debug|Any CPU.Build.0 = Debug|Any CPU
		{5E99F4AE-37EB-477F-95D8-40176EC7CDCF}.Debug|Any CPU.Deploy.0 = Debug|Any CPU
		{5E99F4AE-37EB-477F-95D8-40176EC7CDCF}.Release|Any CPU.ActiveCfg = Release|Any CPU
		{5E99F4AE-37EB-477F-95D8-40176EC7CDCF}.Release|Any CPU.Build.0 = Release|Any CPU
		{5E99F4AE-37EB-477F-95D8-40176EC7CDCF}.Release|Any CPU.Deploy.0 = Release|Any CPU
		{77B7010F-8FD0-4CF8-BA10-DA922CC808C6}.Debug|Any CPU.ActiveCfg = Debug|Any CPU
		{77B7010F-8FD0-4CF8-BA10-DA922CC808C6}.Debug|Any CPU.Build.0 = Debug|Any CPU
		{77B7010F-8FD0-4CF8-BA10-DA922CC808C6}.Debug|Any CPU.Deploy.0 = Debug|Any CPU
		{77B7010F-8FD0-4CF8-BA10-DA922CC808C6}.Release|Any CPU.ActiveCfg = Release|Any CPU
		{77B7010F-8FD0-4CF8-BA10-DA922CC808C6}.Release|Any CPU.Build.0 = Release|Any CPU
		{77B7010F-8FD0-4CF8-BA10-DA922CC808C6}.Release|Any CPU.Deploy.0 = Release|Any CPU
		{FACD544A-E52A-4052-AF83-6CECD87C7035}.Debug|Any CPU.ActiveCfg = Debug|Any CPU
		{FACD544A-E52A-4052-AF83-6CECD87C7035}.Debug|Any CPU.Build.0 = Debug|Any CPU
		{FACD544A-E52A-4052-AF83-6CECD87C7035}.Debug|Any CPU.Deploy.0 = Debug|Any CPU
		{FACD544A-E52A-4052-AF83-6CECD87C7035}.Release|Any CPU.ActiveCfg = Release|Any CPU
		{FACD544A-E52A-4052-AF83-6CECD87C7035}.Release|Any CPU.Build.0 = Release|Any CPU
		{FACD544A-E52A-4052-AF83-6CECD87C7035}.Release|Any CPU.Deploy.0 = Release|Any CPU
		{4C3DA3FD-F2DE-4506-B516-93C8D6E5DE44}.Debug|Any CPU.ActiveCfg = Debug|Any CPU
		{4C3DA3FD-F2DE-4506-B516-93C8D6E5DE44}.Debug|Any CPU.Build.0 = Debug|Any CPU
		{4C3DA3FD-F2DE-4506-B516-93C8D6E5DE44}.Debug|Any CPU.Deploy.0 = Debug|Any CPU
		{4C3DA3FD-F2DE-4506-B516-93C8D6E5DE44}.Release|Any CPU.ActiveCfg = Release|Any CPU
		{4C3DA3FD-F2DE-4506-B516-93C8D6E5DE44}.Release|Any CPU.Build.0 = Release|Any CPU
		{4C3DA3FD-F2DE-4506-B516-93C8D6E5DE44}.Release|Any CPU.Deploy.0 = Release|Any CPU
		{CD03F443-E882-447F-9A66-2347F730B071}.Debug|Any CPU.ActiveCfg = Debug|Any CPU
		{CD03F443-E882-447F-9A66-2347F730B071}.Debug|Any CPU.Build.0 = Debug|Any CPU
		{CD03F443-E882-447F-9A66-2347F730B071}.Debug|Any CPU.Deploy.0 = Debug|Any CPU
		{CD03F443-E882-447F-9A66-2347F730B071}.Release|Any CPU.ActiveCfg = Release|Any CPU
		{CD03F443-E882-447F-9A66-2347F730B071}.Release|Any CPU.Build.0 = Release|Any CPU
		{CD03F443-E882-447F-9A66-2347F730B071}.Release|Any CPU.Deploy.0 = Release|Any CPU
	EndGlobalSection
	GlobalSection(SolutionProperties) = preSolution
		HideSolutionNode = FALSE
	EndGlobalSection
EndGlobal
